
Microsoft Visual Studio Solution File, Format Version 12.00
# Visual Studio 15
VisualStudioVersion = 15.0.28307.168
MinimumVisualStudioVersion = 10.0.40219.1
Project("{FAE04EC0-301F-11D3-BF4B-00C04F79EFBC}") = "SelectionChallenge.client", "SelectionChallenge.client\SelectionChallenge.client.csproj", "{83C5D522-4AB1-4088-BE5D-82264EC2CE73}"
EndProject
Global
	GlobalSection(SolutionConfigurationPlatforms) = preSolution
		Debug|Any CPU = Debug|Any CPU
		Release|Any CPU = Release|Any CPU
	EndGlobalSection
	GlobalSection(ProjectConfigurationPlatforms) = postSolution
		{83C5D522-4AB1-4088-BE5D-82264EC2CE73}.Debug|Any CPU.ActiveCfg = Debug|Any CPU
		{83C5D522-4AB1-4088-BE5D-82264EC2CE73}.Debug|Any CPU.Build.0 = Debug|Any CPU
		{83C5D522-4AB1-4088-BE5D-82264EC2CE73}.Release|Any CPU.ActiveCfg = Release|Any CPU
		{83C5D522-4AB1-4088-BE5D-82264EC2CE73}.Release|Any CPU.Build.0 = Release|Any CPU
	EndGlobalSection
	GlobalSection(SolutionProperties) = preSolution
		HideSolutionNode = FALSE
	EndGlobalSection
	GlobalSection(ExtensibilityGlobals) = postSolution
		SolutionGuid = {7A48AB26-2A59-4B3A-B9FE-BF3B19934D24}
	EndGlobalSection
EndGlobal
